
Microsoft Visual Studio Solution File, Format Version 12.00
# Visual Studio Version 17
VisualStudioVersion = 17.11.35222.181
MinimumVisualStudioVersion = 10.0.40219.1
Project("{2150E333-8FDC-42A3-9474-1A3956D46DE8}") = "Solution Items", "Solution Items", "{76116151-6ECC-47FF-AE35-536462011EB6}"
	ProjectSection(SolutionItems) = preProject
		README.md = README.md
	EndProjectSection
EndProject
Project("{9A19103F-16F7-4668-BE54-9A1E7A4F7556}") = "BackupCSTest", "BackupCSTest\BackupCSTest.csproj", "{85F73F0D-AC90-4827-8359-6500A0455076}"
	ProjectSection(ProjectDependencies) = postProject
		{F3AD3F5C-FEE1-4DA7-90EC-93667D45E23B} = {F3AD3F5C-FEE1-4DA7-90EC-93667D45E23B}
	EndProjectSection
EndProject
Project("{9A19103F-16F7-4668-BE54-9A1E7A4F7556}") = "BackupCSApp", "BackupCSApp\BackupCSApp.csproj", "{F3AD3F5C-FEE1-4DA7-90EC-93667D45E23B}"
EndProject
Project("{FAE04EC0-301F-11D3-BF4B-00C04F79EFBC}") = "BackupCSLib", "BackupCSLib\BackupCSLib.csproj", "{B1B2B69F-7890-4867-BD22-4D63BE4E6872}"
EndProject
Global
	GlobalSection(SolutionConfigurationPlatforms) = preSolution
		Debug|Any CPU = Debug|Any CPU
		Release|Any CPU = Release|Any CPU
	EndGlobalSection
	GlobalSection(ProjectConfigurationPlatforms) = postSolution
		{85F73F0D-AC90-4827-8359-6500A0455076}.Debug|Any CPU.ActiveCfg = Debug|Any CPU
		{85F73F0D-AC90-4827-8359-6500A0455076}.Debug|Any CPU.Build.0 = Debug|Any CPU
		{85F73F0D-AC90-4827-8359-6500A0455076}.Release|Any CPU.ActiveCfg = Release|Any CPU
		{85F73F0D-AC90-4827-8359-6500A0455076}.Release|Any CPU.Build.0 = Release|Any CPU
		{F3AD3F5C-FEE1-4DA7-90EC-93667D45E23B}.Debug|Any CPU.ActiveCfg = Debug|Any CPU
		{F3AD3F5C-FEE1-4DA7-90EC-93667D45E23B}.Debug|Any CPU.Build.0 = Debug|Any CPU
		{F3AD3F5C-FEE1-4DA7-90EC-93667D45E23B}.Release|Any CPU.ActiveCfg = Release|Any CPU
		{F3AD3F5C-FEE1-4DA7-90EC-93667D45E23B}.Release|Any CPU.Build.0 = Release|Any CPU
		{B1B2B69F-7890-4867-BD22-4D63BE4E6872}.Debug|Any CPU.ActiveCfg = Debug|Any CPU
		{B1B2B69F-7890-4867-BD22-4D63BE4E6872}.Debug|Any CPU.Build.0 = Debug|Any CPU
		{B1B2B69F-7890-4867-BD22-4D63BE4E6872}.Release|Any CPU.ActiveCfg = Release|Any CPU
		{B1B2B69F-7890-4867-BD22-4D63BE4E6872}.Release|Any CPU.Build.0 = Release|Any CPU
	EndGlobalSection
	GlobalSection(SolutionProperties) = preSolution
		HideSolutionNode = FALSE
	EndGlobalSection
	GlobalSection(ExtensibilityGlobals) = postSolution
		SolutionGuid = {DA76A441-CE50-4303-8BE2-71F03F13EAF4}
	EndGlobalSection
EndGlobal
